{
  "version": 4,
  "terraform_version": "1.15.2",
  "serial": 19,
  "lineage": "4c191449-c2a9-2099-24d2-cab3d019782f",
  "outputs": {
    "app_deploy_dir": {
      "value": "/home/xreg-app",
      "type": "string"
    },
    "application_url": {
      "value": "https://34.154.108.73",
      "type": "string"
    },
    "firewall_allowed_ips": {
      "value": [
        "217.77.80.0/20"
      ],
      "type": [
        "list",
        "string"
      ]
    },
    "ssh_command": {
      "value": "ssh -i /home/msolitro/.ssh/id_rsa xreg-user@34.154.108.73",
      "type": "string"
    },
    "vm_external_ip": {
      "value": "34.154.108.73",
      "type": "string"
    },
    "vm_name": {
      "value": "xreg-vm",
      "type": "string"
    }
  },
  "resources": [
    {
      "mode": "managed",
      "type": "google_compute_address",
      "name": "xreg_ip",
      "provider": "provider[\"registry.terraform.io/hashicorp/google\"]",
      "instances": [
        {
          "schema_version": 0,
          "attributes": {
            "address": "34.154.108.73",
            "address_type": "EXTERNAL",
            "creation_timestamp": "2026-05-12T07:00:39.865-07:00",
            "description": "Static IP for X-REG VM",
            "effective_labels": {},
            "id": "projects/merit-496108/regions/europe-west8/addresses/xreg-external-ip",
            "ip_version": "",
            "ipv6_endpoint_type": "",
            "label_fingerprint": "42WmSpB8rSM=",
            "labels": {},
            "name": "xreg-external-ip",
            "network": "",
            "network_tier": "PREMIUM",
            "prefix_length": 0,
            "project": "merit-496108",
            "purpose": "",
            "region": "europe-west8",
            "self_link": "https://www.googleapis.com/compute/v1/projects/merit-496108/regions/europe-west8/addresses/xreg-external-ip",
            "subnetwork": "",
            "terraform_labels": {},
            "timeouts": null,
            "users": [
              "https://www.googleapis.com/compute/v1/projects/merit-496108/zones/europe-west8-b/instances/xreg-vm"
            ]
          },
          "sensitive_attributes": [],
          "identity_schema_version": 0,
          "private": "eyJlMmJmYjczMC1lY2FhLTExZTYtOGY4OC0zNDM2M2JjN2M0YzAiOnsiY3JlYXRlIjoxMjAwMDAwMDAwMDAwLCJkZWxldGUiOjEyMDAwMDAwMDAwMDAsInVwZGF0ZSI6MTIwMDAwMDAwMDAwMH19"
        }
      ]
    },
    {
      "mode": "managed",
      "type": "google_compute_firewall",
      "name": "allow_egress",
      "provider": "provider[\"registry.terraform.io/hashicorp/google\"]",
      "instances": [
        {
          "schema_version": 1,
          "attributes": {
            "allow": [
              {
                "ports": [],
                "protocol": "all"
              }
            ],
            "creation_timestamp": "2026-05-12T07:00:48.233-07:00",
            "deny": [],
            "description": "Allow all egress (Docker Hub, OS updates, optional outbound APIs)",
            "destination_ranges": [
              "0.0.0.0/0"
            ],
            "direction": "EGRESS",
            "disabled": false,
            "enable_logging": null,
            "id": "projects/merit-496108/global/firewalls/xreg-allow-egress",
            "log_config": [],
            "name": "xreg-allow-egress",
            "network": "https://www.googleapis.com/compute/v1/projects/merit-496108/global/networks/xreg-vpc",
            "priority": 1000,
            "project": "merit-496108",
            "self_link": "https://www.googleapis.com/compute/v1/projects/merit-496108/global/firewalls/xreg-allow-egress",
            "source_ranges": [],
            "source_service_accounts": [],
            "source_tags": [],
            "target_service_accounts": [],
            "target_tags": [
              "xreg-vm"
            ],
            "timeouts": null
          },
          "sensitive_attributes": [],
          "identity_schema_version": 0,
          "private": "eyJlMmJmYjczMC1lY2FhLTExZTYtOGY4OC0zNDM2M2JjN2M0YzAiOnsiY3JlYXRlIjoxMjAwMDAwMDAwMDAwLCJkZWxldGUiOjEyMDAwMDAwMDAwMDAsInVwZGF0ZSI6MTIwMDAwMDAwMDAwMH0sInNjaGVtYV92ZXJzaW9uIjoiMSJ9",
          "dependencies": [
            "google_compute_network.xreg_vpc"
          ]
        }
      ]
    },
    {
      "mode": "managed",
      "type": "google_compute_firewall",
      "name": "allow_https",
      "provider": "provider[\"registry.terraform.io/hashicorp/google\"]",
      "instances": [
        {
          "schema_version": 1,
          "attributes": {
            "allow": [
              {
                "ports": [
                  "443"
                ],
                "protocol": "tcp"
              }
            ],
            "creation_timestamp": "2026-05-12T07:00:48.174-07:00",
            "deny": [],
            "description": "Allow HTTPS from whitelisted IPs",
            "destination_ranges": [],
            "direction": "INGRESS",
            "disabled": false,
            "enable_logging": null,
            "id": "projects/merit-496108/global/firewalls/xreg-allow-https",
            "log_config": [],
            "name": "xreg-allow-https",
            "network": "https://www.googleapis.com/compute/v1/projects/merit-496108/global/networks/xreg-vpc",
            "priority": 1000,
            "project": "merit-496108",
            "self_link": "https://www.googleapis.com/compute/v1/projects/merit-496108/global/firewalls/xreg-allow-https",
            "source_ranges": [
              "217.77.80.0/20"
            ],
            "source_service_accounts": [],
            "source_tags": [],
            "target_service_accounts": [],
            "target_tags": [
              "xreg-vm"
            ],
            "timeouts": null
          },
          "sensitive_attributes": [],
          "identity_schema_version": 0,
          "private": "eyJlMmJmYjczMC1lY2FhLTExZTYtOGY4OC0zNDM2M2JjN2M0YzAiOnsiY3JlYXRlIjoxMjAwMDAwMDAwMDAwLCJkZWxldGUiOjEyMDAwMDAwMDAwMDAsInVwZGF0ZSI6MTIwMDAwMDAwMDAwMH0sInNjaGVtYV92ZXJzaW9uIjoiMSJ9",
          "dependencies": [
            "google_compute_network.xreg_vpc"
          ]
        }
      ]
    },
    {
      "mode": "managed",
      "type": "google_compute_firewall",
      "name": "allow_iap_ssh",
      "provider": "provider[\"registry.terraform.io/hashicorp/google\"]",
      "instances": [
        {
          "schema_version": 1,
          "attributes": {
            "allow": [
              {
                "ports": [
                  "22"
                ],
                "protocol": "tcp"
              }
            ],
            "creation_timestamp": "2026-05-12T07:00:48.265-07:00",
            "deny": [],
            "description": "Allow SSH from Google IAP (35.235.240.0/20)",
            "destination_ranges": [],
            "direction": "INGRESS",
            "disabled": false,
            "enable_logging": null,
            "id": "projects/merit-496108/global/firewalls/xreg-allow-iap-ssh",
            "log_config": [],
            "name": "xreg-allow-iap-ssh",
            "network": "https://www.googleapis.com/compute/v1/projects/merit-496108/global/networks/xreg-vpc",
            "priority": 1000,
            "project": "merit-496108",
            "self_link": "https://www.googleapis.com/compute/v1/projects/merit-496108/global/firewalls/xreg-allow-iap-ssh",
            "source_ranges": [
              "35.235.240.0/20"
            ],
            "source_service_accounts": [],
            "source_tags": [],
            "target_service_accounts": [],
            "target_tags": [
              "xreg-vm"
            ],
            "timeouts": null
          },
          "sensitive_attributes": [],
          "identity_schema_version": 0,
          "private": "eyJlMmJmYjczMC1lY2FhLTExZTYtOGY4OC0zNDM2M2JjN2M0YzAiOnsiY3JlYXRlIjoxMjAwMDAwMDAwMDAwLCJkZWxldGUiOjEyMDAwMDAwMDAwMDAsInVwZGF0ZSI6MTIwMDAwMDAwMDAwMH0sInNjaGVtYV92ZXJzaW9uIjoiMSJ9",
          "dependencies": [
            "google_compute_network.xreg_vpc"
          ]
        }
      ]
    },
    {
      "mode": "managed",
      "type": "google_compute_firewall",
      "name": "allow_internal",
      "provider": "provider[\"registry.terraform.io/hashicorp/google\"]",
      "instances": [
        {
          "schema_version": 1,
          "attributes": {
            "allow": [
              {
                "ports": [],
                "protocol": "icmp"
              },
              {
                "ports": [],
                "protocol": "tcp"
              },
              {
                "ports": [],
                "protocol": "udp"
              }
            ],
            "creation_timestamp": "2026-05-12T07:00:49.292-07:00",
            "deny": [],
            "description": "Allow internal subnet communication",
            "destination_ranges": [],
            "direction": "INGRESS",
            "disabled": false,
            "enable_logging": null,
            "id": "projects/merit-496108/global/firewalls/xreg-allow-internal",
            "log_config": [],
            "name": "xreg-allow-internal",
            "network": "https://www.googleapis.com/compute/v1/projects/merit-496108/global/networks/xreg-vpc",
            "priority": 1000,
            "project": "merit-496108",
            "self_link": "https://www.googleapis.com/compute/v1/projects/merit-496108/global/firewalls/xreg-allow-internal",
            "source_ranges": [
              "10.10.0.0/24"
            ],
            "source_service_accounts": [],
            "source_tags": [],
            "target_service_accounts": [],
            "target_tags": [
              "xreg-vm"
            ],
            "timeouts": null
          },
          "sensitive_attributes": [],
          "identity_schema_version": 0,
          "private": "eyJlMmJmYjczMC1lY2FhLTExZTYtOGY4OC0zNDM2M2JjN2M0YzAiOnsiY3JlYXRlIjoxMjAwMDAwMDAwMDAwLCJkZWxldGUiOjEyMDAwMDAwMDAwMDAsInVwZGF0ZSI6MTIwMDAwMDAwMDAwMH0sInNjaGVtYV92ZXJzaW9uIjoiMSJ9",
          "dependencies": [
            "google_compute_network.xreg_vpc"
          ]
        }
      ]
    },
    {
      "mode": "managed",
      "type": "google_compute_firewall",
      "name": "allow_ssh",
      "provider": "provider[\"registry.terraform.io/hashicorp/google\"]",
      "instances": [
        {
          "index_key": 0,
          "schema_version": 1,
          "attributes": {
            "allow": [
              {
                "ports": [
                  "22"
                ],
                "protocol": "tcp"
              }
            ],
            "creation_timestamp": "2026-05-12T07:00:48.371-07:00",
            "deny": [],
            "description": "Allow SSH from admin IPs only",
            "destination_ranges": [],
            "direction": "INGRESS",
            "disabled": false,
            "enable_logging": null,
            "id": "projects/merit-496108/global/firewalls/xreg-allow-ssh",
            "log_config": [],
            "name": "xreg-allow-ssh",
            "network": "https://www.googleapis.com/compute/v1/projects/merit-496108/global/networks/xreg-vpc",
            "priority": 1000,
            "project": "merit-496108",
            "self_link": "https://www.googleapis.com/compute/v1/projects/merit-496108/global/firewalls/xreg-allow-ssh",
            "source_ranges": [
              "217.77.82.92/32"
            ],
            "source_service_accounts": [],
            "source_tags": [],
            "target_service_accounts": [],
            "target_tags": [
              "xreg-vm"
            ],
            "timeouts": null
          },
          "sensitive_attributes": [],
          "identity_schema_version": 0,
          "private": "eyJlMmJmYjczMC1lY2FhLTExZTYtOGY4OC0zNDM2M2JjN2M0YzAiOnsiY3JlYXRlIjoxMjAwMDAwMDAwMDAwLCJkZWxldGUiOjEyMDAwMDAwMDAwMDAsInVwZGF0ZSI6MTIwMDAwMDAwMDAwMH0sInNjaGVtYV92ZXJzaW9uIjoiMSJ9",
          "dependencies": [
            "google_compute_network.xreg_vpc"
          ]
        }
      ]
    },
    {
      "mode": "managed",
      "type": "google_compute_firewall",
      "name": "deny_all_ingress",
      "provider": "provider[\"registry.terraform.io/hashicorp/google\"]",
      "instances": [
        {
          "schema_version": 1,
          "attributes": {
            "allow": [],
            "creation_timestamp": "2026-05-12T07:00:49.672-07:00",
            "deny": [
              {
                "ports": [],
                "protocol": "all"
              }
            ],
            "description": "Default deny all ingress traffic",
            "destination_ranges": [],
            "direction": "INGRESS",
            "disabled": false,
            "enable_logging": null,
            "id": "projects/merit-496108/global/firewalls/xreg-deny-all-ingress",
            "log_config": [],
            "name": "xreg-deny-all-ingress",
            "network": "https://www.googleapis.com/compute/v1/projects/merit-496108/global/networks/xreg-vpc",
            "priority": 65534,
            "project": "merit-496108",
            "self_link": "https://www.googleapis.com/compute/v1/projects/merit-496108/global/firewalls/xreg-deny-all-ingress",
            "source_ranges": [
              "0.0.0.0/0"
            ],
            "source_service_accounts": [],
            "source_tags": [],
            "target_service_accounts": [],
            "target_tags": [],
            "timeouts": null
          },
          "sensitive_attributes": [],
          "identity_schema_version": 0,
          "private": "eyJlMmJmYjczMC1lY2FhLTExZTYtOGY4OC0zNDM2M2JjN2M0YzAiOnsiY3JlYXRlIjoxMjAwMDAwMDAwMDAwLCJkZWxldGUiOjEyMDAwMDAwMDAwMDAsInVwZGF0ZSI6MTIwMDAwMDAwMDAwMH0sInNjaGVtYV92ZXJzaW9uIjoiMSJ9",
          "dependencies": [
            "google_compute_network.xreg_vpc"
          ]
        }
      ]
    },
    {
      "mode": "managed",
      "type": "google_compute_instance",
      "name": "xreg_vm",
      "provider": "provider[\"registry.terraform.io/hashicorp/google\"]",
      "instances": [
        {
          "schema_version": 6,
          "attributes": {
            "advanced_machine_features": [],
            "allow_stopping_for_update": null,
            "attached_disk": [],
            "boot_disk": [
              {
                "auto_delete": true,
                "device_name": "persistent-disk-0",
                "disk_encryption_key_raw": "",
                "disk_encryption_key_sha256": "",
                "initialize_params": [
                  {
                    "enable_confidential_compute": false,
                    "image": "https://www.googleapis.com/compute/v1/projects/debian-cloud/global/images/debian-12-bookworm-v20260505",
                    "labels": {},
                    "provisioned_iops": 0,
                    "provisioned_throughput": 0,
                    "resource_manager_tags": {},
                    "size": 60,
                    "storage_pool": "",
                    "type": "pd-ssd"
                  }
                ],
                "kms_key_self_link": "",
                "mode": "READ_WRITE",
                "source": "https://www.googleapis.com/compute/v1/projects/merit-496108/zones/europe-west8-b/disks/xreg-vm"
              }
            ],
            "can_ip_forward": false,
            "confidential_instance_config": [],
            "cpu_platform": "Intel Cascade Lake",
            "current_status": "RUNNING",
            "deletion_protection": false,
            "description": "X-REG tool server — Docker Compose (app + Caddy)",
            "desired_status": null,
            "effective_labels": {
              "app": "xreg",
              "environment": "production",
              "managed_by": "terraform"
            },
            "enable_display": false,
            "guest_accelerator": [],
            "hostname": "",
            "id": "projects/merit-496108/zones/europe-west8-b/instances/xreg-vm",
            "instance_id": "6073125695636016201",
            "label_fingerprint": "D5wd8s9u5Tk=",
            "labels": {
              "app": "xreg",
              "environment": "production",
              "managed_by": "terraform"
            },
            "machine_type": "n2-standard-8",
            "metadata": {
              "block-project-ssh-keys": "TRUE",
              "enable-oslogin": "FALSE",
              "ssh-keys": "xreg-user:ssh-rsa AAAAB3NzaC1yc2EAAAADAQABAAABgQCkshEhqIR4tR0t2quciD66Jhz0b5FTNKGYHOZMHnEPvVwi6a/7+w8mOg8cRqBLhErkpW/OqqvPSaZRLCpPCqP7zTEDxrZ+qVcHXcwd+G12TikkqqLrCj7Stkx/WaDEaFtz16pqoNwphPe85ulyWZq9NdTH7HgQkYwXwehyR1qaRfV2oBq/WbOn1sDp4vAVsbfAjzSa8Ei7R65Hn0sJWNAMDn+5Flc7g+3pJd11GJOt4JGyAKGAZFgaFwiVf+ZhIqx9/XHfK65E+JzABAN9vM/U3paLCmjZA8qK05EKF0CZlAkouZnOFL3IwmWgIBLX5zRNqIAxFx3NKlZwWQj+RL3WW+mJuhHfJdOhHgH4ornBvj2BBsKQBY+exAyL4epYCEx6ghhC6+6oRlRHfi/riJ4kx0b2VF8k+B0pVxXPaIx+ATtB/aM5ZBbdEn+v6TqBhDHZ/+f0JPs9dIz2ossN7x/Htn/ZKdS96D/0cpCuGBgtDaH6qkpTKpsKIHyDwU/F6i0= msolitro@msolitro-l-5cg54720\n"
            },
            "metadata_fingerprint": "lKuSMYz0hG4=",
            "metadata_startup_script": "#!/bin/bash\nset -euo pipefail\n\n# ─── Logging ─────────────────────────────────────────────────────────────────\nexec \u003e \u003e(tee /var/log/xreg-startup.log) 2\u003e\u00261\necho \"=== X-REG startup script BEGIN $(date -u) ===\"\n\n# ─── System Hardening ────────────────────────────────────────────────────────\nsysctl -w net.ipv4.ip_forward=0 || true\nsysctl -w net.ipv4.conf.all.accept_redirects=0 || true\nsysctl -w net.ipv4.conf.default.accept_redirects=0 || true\nsysctl -w net.ipv4.tcp_syncookies=1 || true\n\n# ─── Install Docker (official script — works on Debian 12) ──────────────────\necho \"Installing Docker...\"\napt-get update -qq\napt-get install -y -qq ca-certificates curl gnupg\ninstall -m 0755 -d /etc/apt/keyrings\ncurl -fsSL https://download.docker.com/linux/debian/gpg -o /etc/apt/keyrings/docker.asc\nchmod a+r /etc/apt/keyrings/docker.asc\necho \"deb [arch=$(dpkg --print-architecture) signed-by=/etc/apt/keyrings/docker.asc] \\\n  https://download.docker.com/linux/debian $(. /etc/os-release \u0026\u0026 echo \"$VERSION_CODENAME\") stable\" \\\n  \u003e /etc/apt/sources.list.d/docker.list\napt-get update -qq\napt-get install -y -qq docker-ce docker-ce-cli containerd.io docker-compose-plugin\nsystemctl enable --now docker\nusermod -aG docker xreg-user\necho \"Docker $(docker --version) installed.\"\necho \"Docker Compose $(docker compose version) installed.\"\n\n# ─── Application directory on the VM ───────────────────────────────────────\nAPP_DIR=\"/home/xreg-app\"\nmkdir -p \"$APP_DIR\"\nchown xreg-user:xreg-user \"$APP_DIR\"\ncd \"$APP_DIR\"\n\n# ─── docker-compose (app + Caddy only; image loaded later via setup.sh) ─────\ncat \u003e docker-compose.yml \u003c\u003c COMPOSEEOF\nservices:\n\n  app:\n    image: xreg:latest\n    container_name: xreg-app\n    restart: unless-stopped\n    ports:\n      - \"127.0.0.1:3000:3000\"\n    networks:\n      - xreg-internal\n\n  caddy:\n    image: caddy:2-alpine\n    container_name: xreg-caddy\n    restart: unless-stopped\n    ports:\n      - \"443:443\"\n    volumes:\n      - ./Caddyfile:/etc/caddy/Caddyfile:ro\n      - ./tls.crt:/etc/caddy/tls.crt:ro\n      - ./tls.key:/etc/caddy/tls.key:ro\n      - caddy-data:/data\n      - caddy-config:/config\n    depends_on:\n      - app\n    networks:\n      - xreg-internal\n\nnetworks:\n  xreg-internal:\n    driver: bridge\n\nvolumes:\n  caddy-data:\n    driver: local\n  caddy-config:\n    driver: local\nCOMPOSEEOF\n\nchown xreg-user:xreg-user docker-compose.yml\n\n# ─── Write Caddyfile ─────────────────────────────────────────────────────────\nVM_IP=$(curl -sf -H \"Metadata-Flavor: Google\" \\\n  \"http://169.254.169.254/computeMetadata/v1/instance/network-interfaces/0/access-configs/0/external-ip\" \\\n  || echo \"localhost\")\necho \"VM external IP: $VM_IP\"\n\napt-get install -y -qq openssl\nopenssl req -x509 -newkey rsa:4096 \\\n  -keyout \"$APP_DIR/tls.key\" \\\n  -out \"$APP_DIR/tls.crt\" \\\n  -days 365 -nodes \\\n  -subj \"/CN=xreg-demo\" \\\n  -addext \"subjectAltName=IP:$VM_IP,IP:127.0.0.1\"\nchown xreg-user:xreg-user \"$APP_DIR/tls.key\" \"$APP_DIR/tls.crt\"\nchmod 600 \"$APP_DIR/tls.key\"\necho \"Self-signed TLS certificate generated for IP: $VM_IP\"\n\nDOMAIN=\"\"\n\nif [ -n \"$DOMAIN\" ]; then\n  cat \u003e Caddyfile \u003c\u003c CADDYEOF\n$$DOMAIN {\n    reverse_proxy app:3000\n\n    header {\n        Strict-Transport-Security \"max-age=31536000; includeSubDomains; preload\"\n        X-Content-Type-Options \"nosniff\"\n        X-Frame-Options \"DENY\"\n        Referrer-Policy \"strict-origin-when-cross-origin\"\n        Permissions-Policy \"camera=(), microphone=(), geolocation=()\"\n        -Server\n    }\n\n    log {\n        output file /data/access.log {\n            roll_size 10mb\n            roll_keep 5\n        }\n    }\n}\nCADDYEOF\nelse\n  cat \u003e Caddyfile \u003c\u003c CADDYEOF\n:443 {\n    tls /etc/caddy/tls.crt /etc/caddy/tls.key\n\n    reverse_proxy app:3000\n\n    header {\n        Strict-Transport-Security \"max-age=31536000; includeSubDomains\"\n        X-Content-Type-Options \"nosniff\"\n        X-Frame-Options \"DENY\"\n        Referrer-Policy \"strict-origin-when-cross-origin\"\n        Permissions-Policy \"camera=(), microphone=(), geolocation=()\"\n        -Server\n    }\n\n    log {\n        output file /data/access.log {\n            roll_size 10mb\n            roll_keep 5\n        }\n    }\n}\nCADDYEOF\nfi\n\nchown xreg-user:xreg-user Caddyfile\n\necho \"NOTE: Config files written. Waiting for setup.sh to load xreg:latest and start containers.\"\n\ntouch /var/lib/xreg-startup-complete\n\necho \"=== X-REG startup script END $(date -u) ===\"\n",
            "min_cpu_platform": "",
            "name": "xreg-vm",
            "network_interface": [
              {
                "access_config": [
                  {
                    "nat_ip": "34.154.108.73",
                    "network_tier": "PREMIUM",
                    "public_ptr_domain_name": ""
                  }
                ],
                "alias_ip_range": [],
                "internal_ipv6_prefix_length": 0,
                "ipv6_access_config": [],
                "ipv6_access_type": "",
                "ipv6_address": "",
                "name": "nic0",
                "network": "https://www.googleapis.com/compute/v1/projects/merit-496108/global/networks/xreg-vpc",
                "network_ip": "10.10.0.2",
                "nic_type": "",
                "queue_count": 0,
                "stack_type": "IPV4_ONLY",
                "subnetwork": "https://www.googleapis.com/compute/v1/projects/merit-496108/regions/europe-west8/subnetworks/xreg-subnet",
                "subnetwork_project": "merit-496108"
              }
            ],
            "network_performance_config": [],
            "params": [],
            "project": "merit-496108",
            "reservation_affinity": [],
            "resource_policies": [],
            "scheduling": [
              {
                "automatic_restart": true,
                "instance_termination_action": "",
                "local_ssd_recovery_timeout": [],
                "max_run_duration": [],
                "min_node_cpus": 0,
                "node_affinities": [],
                "on_host_maintenance": "MIGRATE",
                "on_instance_stop_action": [],
                "preemptible": false,
                "provisioning_model": "STANDARD"
              }
            ],
            "scratch_disk": [],
            "self_link": "https://www.googleapis.com/compute/v1/projects/merit-496108/zones/europe-west8-b/instances/xreg-vm",
            "service_account": [
              {
                "email": "xreg-vm-sa@merit-496108.iam.gserviceaccount.com",
                "scopes": [
                  "https://www.googleapis.com/auth/logging.write",
                  "https://www.googleapis.com/auth/monitoring.write"
                ]
              }
            ],
            "shielded_instance_config": [
              {
                "enable_integrity_monitoring": true,
                "enable_secure_boot": true,
                "enable_vtpm": true
              }
            ],
            "tags": [
              "xreg-vm"
            ],
            "tags_fingerprint": "C20KGbwwRVs=",
            "terraform_labels": {
              "app": "xreg",
              "environment": "production",
              "managed_by": "terraform"
            },
            "timeouts": null,
            "zone": "europe-west8-b"
          },
          "sensitive_attributes": [
            [
              {
                "type": "get_attr",
                "value": "boot_disk"
              },
              {
                "type": "index",
                "value": {
                  "value": 0,
                  "type": "number"
                }
              },
              {
                "type": "get_attr",
                "value": "disk_encryption_key_raw"
              }
            ]
          ],
          "identity_schema_version": 0,
          "private": "eyJlMmJmYjczMC1lY2FhLTExZTYtOGY4OC0zNDM2M2JjN2M0YzAiOnsiY3JlYXRlIjoxMjAwMDAwMDAwMDAwLCJkZWxldGUiOjEyMDAwMDAwMDAwMDAsInVwZGF0ZSI6MTIwMDAwMDAwMDAwMH0sInNjaGVtYV92ZXJzaW9uIjoiNiJ9",
          "dependencies": [
            "google_compute_address.xreg_ip",
            "google_compute_network.xreg_vpc",
            "google_compute_subnetwork.xreg_subnet",
            "google_project_service.compute",
            "google_project_service.os_login",
            "google_service_account.xreg_sa"
          ]
        }
      ]
    },
    {
      "mode": "managed",
      "type": "google_compute_network",
      "name": "xreg_vpc",
      "provider": "provider[\"registry.terraform.io/hashicorp/google\"]",
      "instances": [
        {
          "schema_version": 0,
          "attributes": {
            "auto_create_subnetworks": false,
            "delete_default_routes_on_create": false,
            "description": "Isolated VPC for X-REG deployment",
            "enable_ula_internal_ipv6": false,
            "gateway_ipv4": "",
            "id": "projects/merit-496108/global/networks/xreg-vpc",
            "internal_ipv6_range": "",
            "mtu": 0,
            "name": "xreg-vpc",
            "network_firewall_policy_enforcement_order": "AFTER_CLASSIC_FIREWALL",
            "numeric_id": "2210892946166680683",
            "project": "merit-496108",
            "routing_mode": "REGIONAL",
            "self_link": "https://www.googleapis.com/compute/v1/projects/merit-496108/global/networks/xreg-vpc",
            "timeouts": null
          },
          "sensitive_attributes": [],
          "identity_schema_version": 0,
          "private": "eyJlMmJmYjczMC1lY2FhLTExZTYtOGY4OC0zNDM2M2JjN2M0YzAiOnsiY3JlYXRlIjoxMjAwMDAwMDAwMDAwLCJkZWxldGUiOjEyMDAwMDAwMDAwMDAsInVwZGF0ZSI6MTIwMDAwMDAwMDAwMH19"
        }
      ]
    },
    {
      "mode": "managed",
      "type": "google_compute_subnetwork",
      "name": "xreg_subnet",
      "provider": "provider[\"registry.terraform.io/hashicorp/google\"]",
      "instances": [
        {
          "schema_version": 0,
          "attributes": {
            "creation_timestamp": "2026-05-12T07:00:48.881-07:00",
            "description": "",
            "external_ipv6_prefix": "",
            "fingerprint": null,
            "gateway_address": "10.10.0.1",
            "id": "projects/merit-496108/regions/europe-west8/subnetworks/xreg-subnet",
            "internal_ipv6_prefix": "",
            "ip_cidr_range": "10.10.0.0/24",
            "ipv6_access_type": "",
            "ipv6_cidr_range": "",
            "log_config": [
              {
                "aggregation_interval": "INTERVAL_5_SEC",
                "filter_expr": "true",
                "flow_sampling": 0.5,
                "metadata": "INCLUDE_ALL_METADATA",
                "metadata_fields": []
              }
            ],
            "name": "xreg-subnet",
            "network": "https://www.googleapis.com/compute/v1/projects/merit-496108/global/networks/xreg-vpc",
            "private_ip_google_access": true,
            "private_ipv6_google_access": "DISABLE_GOOGLE_ACCESS",
            "project": "merit-496108",
            "purpose": "PRIVATE",
            "region": "europe-west8",
            "role": "",
            "secondary_ip_range": [],
            "self_link": "https://www.googleapis.com/compute/v1/projects/merit-496108/regions/europe-west8/subnetworks/xreg-subnet",
            "send_secondary_ip_range_if_empty": null,
            "stack_type": "IPV4_ONLY",
            "timeouts": null
          },
          "sensitive_attributes": [],
          "identity_schema_version": 0,
          "private": "eyJlMmJmYjczMC1lY2FhLTExZTYtOGY4OC0zNDM2M2JjN2M0YzAiOnsiY3JlYXRlIjoxMjAwMDAwMDAwMDAwLCJkZWxldGUiOjEyMDAwMDAwMDAwMDAsInVwZGF0ZSI6MTIwMDAwMDAwMDAwMH19",
          "dependencies": [
            "google_compute_network.xreg_vpc"
          ]
        }
      ]
    },
    {
      "mode": "managed",
      "type": "google_project_iam_member",
      "name": "xreg_log_writer",
      "provider": "provider[\"registry.terraform.io/hashicorp/google\"]",
      "instances": [
        {
          "schema_version": 0,
          "attributes": {
            "condition": [],
            "etag": "BwZRn0qbPTM=",
            "id": "merit-496108/roles/logging.logWriter/serviceAccount:xreg-vm-sa@merit-496108.iam.gserviceaccount.com",
            "member": "serviceAccount:xreg-vm-sa@merit-496108.iam.gserviceaccount.com",
            "project": "merit-496108",
            "role": "roles/logging.logWriter"
          },
          "sensitive_attributes": [],
          "identity_schema_version": 0,
          "private": "bnVsbA==",
          "dependencies": [
            "google_service_account.xreg_sa"
          ]
        }
      ]
    },
    {
      "mode": "managed",
      "type": "google_project_iam_member",
      "name": "xreg_metric_writer",
      "provider": "provider[\"registry.terraform.io/hashicorp/google\"]",
      "instances": [
        {
          "schema_version": 0,
          "attributes": {
            "condition": [],
            "etag": "BwZRn0qbPTM=",
            "id": "merit-496108/roles/monitoring.metricWriter/serviceAccount:xreg-vm-sa@merit-496108.iam.gserviceaccount.com",
            "member": "serviceAccount:xreg-vm-sa@merit-496108.iam.gserviceaccount.com",
            "project": "merit-496108",
            "role": "roles/monitoring.metricWriter"
          },
          "sensitive_attributes": [],
          "identity_schema_version": 0,
          "private": "bnVsbA==",
          "dependencies": [
            "google_service_account.xreg_sa"
          ]
        }
      ]
    },
    {
      "mode": "managed",
      "type": "google_project_service",
      "name": "compute",
      "provider": "provider[\"registry.terraform.io/hashicorp/google\"]",
      "instances": [
        {
          "schema_version": 0,
          "attributes": {
            "disable_dependent_services": null,
            "disable_on_destroy": false,
            "id": "merit-496108/compute.googleapis.com",
            "project": "merit-496108",
            "service": "compute.googleapis.com",
            "timeouts": null
          },
          "sensitive_attributes": [],
          "identity_schema_version": 0,
          "private": "eyJlMmJmYjczMC1lY2FhLTExZTYtOGY4OC0zNDM2M2JjN2M0YzAiOnsiY3JlYXRlIjoxMjAwMDAwMDAwMDAwLCJkZWxldGUiOjEyMDAwMDAwMDAwMDAsInJlYWQiOjYwMDAwMDAwMDAwMCwidXBkYXRlIjoxMjAwMDAwMDAwMDAwfX0="
        }
      ]
    },
    {
      "mode": "managed",
      "type": "google_project_service",
      "name": "os_login",
      "provider": "provider[\"registry.terraform.io/hashicorp/google\"]",
      "instances": [
        {
          "schema_version": 0,
          "attributes": {
            "disable_dependent_services": null,
            "disable_on_destroy": false,
            "id": "merit-496108/oslogin.googleapis.com",
            "project": "merit-496108",
            "service": "oslogin.googleapis.com",
            "timeouts": null
          },
          "sensitive_attributes": [],
          "identity_schema_version": 0,
          "private": "eyJlMmJmYjczMC1lY2FhLTExZTYtOGY4OC0zNDM2M2JjN2M0YzAiOnsiY3JlYXRlIjoxMjAwMDAwMDAwMDAwLCJkZWxldGUiOjEyMDAwMDAwMDAwMDAsInJlYWQiOjYwMDAwMDAwMDAwMCwidXBkYXRlIjoxMjAwMDAwMDAwMDAwfX0="
        }
      ]
    },
    {
      "mode": "managed",
      "type": "google_service_account",
      "name": "xreg_sa",
      "provider": "provider[\"registry.terraform.io/hashicorp/google\"]",
      "instances": [
        {
          "schema_version": 0,
          "attributes": {
            "account_id": "xreg-vm-sa",
            "create_ignore_already_exists": null,
            "description": "Least-privilege SA for the X-REG compute instance",
            "disabled": false,
            "display_name": "X-REG VM Service Account",
            "email": "xreg-vm-sa@merit-496108.iam.gserviceaccount.com",
            "id": "projects/merit-496108/serviceAccounts/xreg-vm-sa@merit-496108.iam.gserviceaccount.com",
            "member": "serviceAccount:xreg-vm-sa@merit-496108.iam.gserviceaccount.com",
            "name": "projects/merit-496108/serviceAccounts/xreg-vm-sa@merit-496108.iam.gserviceaccount.com",
            "project": "merit-496108",
            "timeouts": null,
            "unique_id": "116366856336818004010"
          },
          "sensitive_attributes": [],
          "identity_schema_version": 0,
          "private": "eyJlMmJmYjczMC1lY2FhLTExZTYtOGY4OC0zNDM2M2JjN2M0YzAiOnsiY3JlYXRlIjozMDAwMDAwMDAwMDB9fQ=="
        }
      ]
    }
  ],
  "check_results": null
}
